
Microsoft Visual Studio Solution File, Format Version 12.00
# Visual Studio Version 16
VisualStudioVersion = 16.0.32428.217
MinimumVisualStudioVersion = 10.0.40219.1
Project("{FAE04EC0-301F-11D3-BF4B-00C04F79EFBC}") = "ConsoleApp3", "ConsoleApp3\ConsoleApp3.csproj", "{1B11A7AA-E59E-42A0-AD06-CF783E896EFA}"
EndProject
Global
	GlobalSection(SolutionConfigurationPlatforms) = preSolution
		Debug|Any CPU = Debug|Any CPU
		Release|Any CPU = Release|Any CPU
	EndGlobalSection
	GlobalSection(ProjectConfigurationPlatforms) = postSolution
		{1B11A7AA-E59E-42A0-AD06-CF783E896EFA}.Debug|Any CPU.ActiveCfg = Debug|Any CPU
		{1B11A7AA-E59E-42A0-AD06-CF783E896EFA}.Debug|Any CPU.Build.0 = Debug|Any CPU
		{1B11A7AA-E59E-42A0-AD06-CF783E896EFA}.Release|Any CPU.ActiveCfg = Release|Any CPU
		{1B11A7AA-E59E-42A0-AD06-CF783E896EFA}.Release|Any CPU.Build.0 = Release|Any CPU
	EndGlobalSection
	GlobalSection(SolutionProperties) = preSolution
		HideSolutionNode = FALSE
	EndGlobalSection
	GlobalSection(ExtensibilityGlobals) = postSolution
		SolutionGuid = {B6D54B38-978F-44E3-BFA4-D0A878DEBD5E}
	EndGlobalSection
EndGlobal
